// !$*UTF8*$!
{
	archiveVersion = 1;
	classes = {
	};
	objectVersion = 56;
	objects = {

/* Begin PBXBuildFile section */
		38072DEB2BB3191A00D29DDF /* NetwokingManager.swift in Sources */ = {isa = PBXBuildFile; fileRef = 38072DEA2BB3191A00D29DDF /* NetwokingManager.swift */; };
		38496D7E2BB5457100546B75 /* CacheImageView.swift in Sources */ = {isa = PBXBuildFile; fileRef = 38496D7D2BB5457100546B75 /* CacheImageView.swift */; };
		38496D802BB545A000546B75 /* CacheImageViewModel.swift in Sources */ = {isa = PBXBuildFile; fileRef = 38496D7F2BB545A000546B75 /* CacheImageViewModel.swift */; };
		38496D822BB5570200546B75 /* LocalFileManager.swift in Sources */ = {isa = PBXBuildFile; fileRef = 38496D812BB5570200546B75 /* LocalFileManager.swift */; };
		385369DB2BB1B9BB006D348F /* CoinDataService.swift in Sources */ = {isa = PBXBuildFile; fileRef = 385369DA2BB1B9BB006D348F /* CoinDataService.swift */; };
		389BBE502BB93EDB004C8625 /* SearchBarView.swift in Sources */ = {isa = PBXBuildFile; fileRef = 389BBE4F2BB93EDB004C8625 /* SearchBarView.swift */; };
		38CDAF3A2BBC4D2E00DFADA6 /* StatisticModel.swift in Sources */ = {isa = PBXBuildFile; fileRef = 38CDAF392BBC4D2E00DFADA6 /* StatisticModel.swift */; };
		38CDAF3C2BBC4E9800DFADA6 /* StatisticView.swift in Sources */ = {isa = PBXBuildFile; fileRef = 38CDAF3B2BBC4E9800DFADA6 /* StatisticView.swift */; };
		6A5484C22BB143B100DD9C33 /* CryptoApp.swift in Sources */ = {isa = PBXBuildFile; fileRef = 6A5484C12BB143B100DD9C33 /* CryptoApp.swift */; };
		6A5484C62BB143B200DD9C33 /* Assets.xcassets in Resources */ = {isa = PBXBuildFile; fileRef = 6A5484C52BB143B200DD9C33 /* Assets.xcassets */; };
		6A5484C92BB143B200DD9C33 /* Preview Assets.xcassets in Resources */ = {isa = PBXBuildFile; fileRef = 6A5484C82BB143B200DD9C33 /* Preview Assets.xcassets */; };
		6A5484DC2BB1444A00DD9C33 /* Color.swift in Sources */ = {isa = PBXBuildFile; fileRef = 6A5484D62BB1444A00DD9C33 /* Color.swift */; };
		6A5484E42BB1450200DD9C33 /* HomeView.swift in Sources */ = {isa = PBXBuildFile; fileRef = 6A5484E32BB1450200DD9C33 /* HomeView.swift */; };
		6A5484E92BB1788D00DD9C33 /* CircleButtonView.swift in Sources */ = {isa = PBXBuildFile; fileRef = 6A5484E72BB1788D00DD9C33 /* CircleButtonView.swift */; };
		6A5484EA2BB1788D00DD9C33 /* CircleButtonAnimationView.swift in Sources */ = {isa = PBXBuildFile; fileRef = 6A5484E82BB1788D00DD9C33 /* CircleButtonAnimationView.swift */; };
		6A5484ED2BB17AD300DD9C33 /* CoinModel.swift in Sources */ = {isa = PBXBuildFile; fileRef = 6A5484EC2BB17AD300DD9C33 /* CoinModel.swift */; };
		6A5484EF2BB17B2D00DD9C33 /* CoinRowView.swift in Sources */ = {isa = PBXBuildFile; fileRef = 6A5484EE2BB17B2D00DD9C33 /* CoinRowView.swift */; };
		6A5484F12BB17B5A00DD9C33 /* PreviewProvider.swift in Sources */ = {isa = PBXBuildFile; fileRef = 6A5484F02BB17B5A00DD9C33 /* PreviewProvider.swift */; };
		6A5484F32BB1831100DD9C33 /* Double.swift in Sources */ = {isa = PBXBuildFile; fileRef = 6A5484F22BB1831100DD9C33 /* Double.swift */; };
		6A5484F52BB1895C00DD9C33 /* HomeViewModel.swift in Sources */ = {isa = PBXBuildFile; fileRef = 6A5484F42BB1895C00DD9C33 /* HomeViewModel.swift */; };
		6A5B257F2BC68E87000E98EA /* CoinDetailView.swift in Sources */ = {isa = PBXBuildFile; fileRef = 6A5B257E2BC68E86000E98EA /* CoinDetailView.swift */; };
		6A9883A62BC7B75D0010D4E1 /* CoinDetailModel.swift in Sources */ = {isa = PBXBuildFile; fileRef = 6A9883A52BC7B75D0010D4E1 /* CoinDetailModel.swift */; };
		6A9883A82BC7B7CB0010D4E1 /* CoinDetailDataService.swift in Sources */ = {isa = PBXBuildFile; fileRef = 6A9883A72BC7B7CB0010D4E1 /* CoinDetailDataService.swift */; };
		6A9883AA2BC7B9F00010D4E1 /* CoinDetailViewModel.swift in Sources */ = {isa = PBXBuildFile; fileRef = 6A9883A92BC7B9F00010D4E1 /* CoinDetailViewModel.swift */; };
		6A9D44002BBE7D1E00ADBDE9 /* CoinMarketDataModel.swift in Sources */ = {isa = PBXBuildFile; fileRef = 6A9D43FF2BBE7D1E00ADBDE9 /* CoinMarketDataModel.swift */; };
		6A9D44022BBE80DD00ADBDE9 /* MarketDataService.swift in Sources */ = {isa = PBXBuildFile; fileRef = 6A9D44012BBE80DD00ADBDE9 /* MarketDataService.swift */; };
		6A9D44042BBEC49A00ADBDE9 /* PortfolioView.swift in Sources */ = {isa = PBXBuildFile; fileRef = 6A9D44032BBEC49A00ADBDE9 /* PortfolioView.swift */; };
		6A9D44072BBEC63700ADBDE9 /* DismissButton.swift in Sources */ = {isa = PBXBuildFile; fileRef = 6A9D44062BBEC63700ADBDE9 /* DismissButton.swift */; };
		6AC97B742BC3E15100D4F0CD /* PortfolioContainer.xcdatamodeld in Sources */ = {isa = PBXBuildFile; fileRef = 6AC97B722BC3E15100D4F0CD /* PortfolioContainer.xcdatamodeld */; };
		6AC97B762BC3E1D800D4F0CD /* PortfolioDataService.swift in Sources */ = {isa = PBXBuildFile; fileRef = 6AC97B752BC3E1D800D4F0CD /* PortfolioDataService.swift */; };
		6AE7588D2BBFB3D80008DB0C /* CoinLogoView.swift in Sources */ = {isa = PBXBuildFile; fileRef = 6AE7588C2BBFB3D80008DB0C /* CoinLogoView.swift */; };
		6AE7588F2BBFC7950008DB0C /* CoinInfoTile.swift in Sources */ = {isa = PBXBuildFile; fileRef = 6AE7588E2BBFC7950008DB0C /* CoinInfoTile.swift */; };
		6AEA3B4B2BD0DA2800AF3313 /* CoinChartView.swift in Sources */ = {isa = PBXBuildFile; fileRef = 6AEA3B4A2BD0DA2800AF3313 /* CoinChartView.swift */; };
		6AEA3B4D2BD0DBB100AF3313 /* Date.swift in Sources */ = {isa = PBXBuildFile; fileRef = 6AEA3B4C2BD0DBB100AF3313 /* Date.swift */; };
/* End PBXBuildFile section */

/* Begin PBXFileReference section */
		38072DEA2BB3191A00D29DDF /* NetwokingManager.swift */ = {isa = PBXFileReference; lastKnownFileType = sourcecode.swift; path = NetwokingManager.swift; sourceTree = "<group>"; };
		38496D7D2BB5457100546B75 /* CacheImageView.swift */ = {isa = PBXFileReference; lastKnownFileType = sourcecode.swift; path = CacheImageView.swift; sourceTree = "<group>"; };
		38496D7F2BB545A000546B75 /* CacheImageViewModel.swift */ = {isa = PBXFileReference; lastKnownFileType = sourcecode.swift; path = CacheImageViewModel.swift; sourceTree = "<group>"; };
		38496D812BB5570200546B75 /* LocalFileManager.swift */ = {isa = PBXFileReference; lastKnownFileType = sourcecode.swift; path = LocalFileManager.swift; sourceTree = "<group>"; };
		385369DA2BB1B9BB006D348F /* CoinDataService.swift */ = {isa = PBXFileReference; lastKnownFileType = sourcecode.swift; path = CoinDataService.swift; sourceTree = "<group>"; };
		389BBE4F2BB93EDB004C8625 /* SearchBarView.swift */ = {isa = PBXFileReference; lastKnownFileType = sourcecode.swift; path = SearchBarView.swift; sourceTree = "<group>"; };
		38CDAF392BBC4D2E00DFADA6 /* StatisticModel.swift */ = {isa = PBXFileReference; lastKnownFileType = sourcecode.swift; path = StatisticModel.swift; sourceTree = "<group>"; };
		38CDAF3B2BBC4E9800DFADA6 /* StatisticView.swift */ = {isa = PBXFileReference; lastKnownFileType = sourcecode.swift; path = StatisticView.swift; sourceTree = "<group>"; };
		6A5484BE2BB143B100DD9C33 /* Crypto.app */ = {isa = PBXFileReference; explicitFileType = wrapper.application; includeInIndex = 0; path = Crypto.app; sourceTree = BUILT_PRODUCTS_DIR; };
		6A5484C12BB143B100DD9C33 /* CryptoApp.swift */ = {isa = PBXFileReference; lastKnownFileType = sourcecode.swift; path = CryptoApp.swift; sourceTree = "<group>"; };
		6A5484C52BB143B200DD9C33 /* Assets.xcassets */ = {isa = PBXFileReference; lastKnownFileType = folder.assetcatalog; path = Assets.xcassets; sourceTree = "<group>"; };
		6A5484C82BB143B200DD9C33 /* Preview Assets.xcassets */ = {isa = PBXFileReference; lastKnownFileType = folder.assetcatalog; path = "Preview Assets.xcassets"; sourceTree = "<group>"; };
		6A5484D62BB1444A00DD9C33 /* Color.swift */ = {isa = PBXFileReference; fileEncoding = 4; lastKnownFileType = sourcecode.swift; path = Color.swift; sourceTree = "<group>"; };
		6A5484E32BB1450200DD9C33 /* HomeView.swift */ = {isa = PBXFileReference; fileEncoding = 4; lastKnownFileType = sourcecode.swift; path = HomeView.swift; sourceTree = "<group>"; };
		6A5484E72BB1788D00DD9C33 /* CircleButtonView.swift */ = {isa = PBXFileReference; fileEncoding = 4; lastKnownFileType = sourcecode.swift; path = CircleButtonView.swift; sourceTree = "<group>"; };
		6A5484E82BB1788D00DD9C33 /* CircleButtonAnimationView.swift */ = {isa = PBXFileReference; fileEncoding = 4; lastKnownFileType = sourcecode.swift; path = CircleButtonAnimationView.swift; sourceTree = "<group>"; };
		6A5484EC2BB17AD300DD9C33 /* CoinModel.swift */ = {isa = PBXFileReference; lastKnownFileType = sourcecode.swift; path = CoinModel.swift; sourceTree = "<group>"; };
		6A5484EE2BB17B2D00DD9C33 /* CoinRowView.swift */ = {isa = PBXFileReference; lastKnownFileType = sourcecode.swift; path = CoinRowView.swift; sourceTree = "<group>"; };
		6A5484F02BB17B5A00DD9C33 /* PreviewProvider.swift */ = {isa = PBXFileReference; lastKnownFileType = sourcecode.swift; path = PreviewProvider.swift; sourceTree = "<group>"; };
		6A5484F22BB1831100DD9C33 /* Double.swift */ = {isa = PBXFileReference; lastKnownFileType = sourcecode.swift; path = Double.swift; sourceTree = "<group>"; };
		6A5484F42BB1895C00DD9C33 /* HomeViewModel.swift */ = {isa = PBXFileReference; lastKnownFileType = sourcecode.swift; path = HomeViewModel.swift; sourceTree = "<group>"; };
		6A5B257E2BC68E86000E98EA /* CoinDetailView.swift */ = {isa = PBXFileReference; lastKnownFileType = sourcecode.swift; path = CoinDetailView.swift; sourceTree = "<group>"; };
		6A9883A52BC7B75D0010D4E1 /* CoinDetailModel.swift */ = {isa = PBXFileReference; lastKnownFileType = sourcecode.swift; path = CoinDetailModel.swift; sourceTree = "<group>"; };
		6A9883A72BC7B7CB0010D4E1 /* CoinDetailDataService.swift */ = {isa = PBXFileReference; lastKnownFileType = sourcecode.swift; path = CoinDetailDataService.swift; sourceTree = "<group>"; };
		6A9883A92BC7B9F00010D4E1 /* CoinDetailViewModel.swift */ = {isa = PBXFileReference; lastKnownFileType = sourcecode.swift; path = CoinDetailViewModel.swift; sourceTree = "<group>"; };
		6A9D43FF2BBE7D1E00ADBDE9 /* CoinMarketDataModel.swift */ = {isa = PBXFileReference; lastKnownFileType = sourcecode.swift; path = CoinMarketDataModel.swift; sourceTree = "<group>"; };
		6A9D44012BBE80DD00ADBDE9 /* MarketDataService.swift */ = {isa = PBXFileReference; lastKnownFileType = sourcecode.swift; path = MarketDataService.swift; sourceTree = "<group>"; };
		6A9D44032BBEC49A00ADBDE9 /* PortfolioView.swift */ = {isa = PBXFileReference; lastKnownFileType = sourcecode.swift; path = PortfolioView.swift; sourceTree = "<group>"; };
		6A9D44062BBEC63700ADBDE9 /* DismissButton.swift */ = {isa = PBXFileReference; lastKnownFileType = sourcecode.swift; path = DismissButton.swift; sourceTree = "<group>"; };
		6AC97B732BC3E15100D4F0CD /* PortfolioContainer.xcdatamodel */ = {isa = PBXFileReference; lastKnownFileType = wrapper.xcdatamodel; path = PortfolioContainer.xcdatamodel; sourceTree = "<group>"; };
		6AC97B752BC3E1D800D4F0CD /* PortfolioDataService.swift */ = {isa = PBXFileReference; lastKnownFileType = sourcecode.swift; path = PortfolioDataService.swift; sourceTree = "<group>"; };
		6AE7588C2BBFB3D80008DB0C /* CoinLogoView.swift */ = {isa = PBXFileReference; lastKnownFileType = sourcecode.swift; path = CoinLogoView.swift; sourceTree = "<group>"; };
		6AE7588E2BBFC7950008DB0C /* CoinInfoTile.swift */ = {isa = PBXFileReference; lastKnownFileType = sourcecode.swift; path = CoinInfoTile.swift; sourceTree = "<group>"; };
		6AEA3B4A2BD0DA2800AF3313 /* CoinChartView.swift */ = {isa = PBXFileReference; lastKnownFileType = sourcecode.swift; path = CoinChartView.swift; sourceTree = "<group>"; };
		6AEA3B4C2BD0DBB100AF3313 /* Date.swift */ = {isa = PBXFileReference; lastKnownFileType = sourcecode.swift; path = Date.swift; sourceTree = "<group>"; };
/* End PBXFileReference section */

/* Begin PBXFrameworksBuildPhase section */
		6A5484BB2BB143B100DD9C33 /* Frameworks */ = {
			isa = PBXFrameworksBuildPhase;
			buildActionMask = 2147483647;
			files = (
			);
			runOnlyForDeploymentPostprocessing = 0;
		};
/* End PBXFrameworksBuildPhase section */

/* Begin PBXGroup section */
		38072DE92BB3190A00D29DDF /* Utilities */ = {
			isa = PBXGroup;
			children = (
				38072DEA2BB3191A00D29DDF /* NetwokingManager.swift */,
				38496D812BB5570200546B75 /* LocalFileManager.swift */,
			);
			path = Utilities;
			sourceTree = "<group>";
		};
		38496D7C2BB5454D00546B75 /* CacheImage */ = {
			isa = PBXGroup;
			children = (
				38496D7D2BB5457100546B75 /* CacheImageView.swift */,
				38496D7F2BB545A000546B75 /* CacheImageViewModel.swift */,
			);
			path = CacheImage;
			sourceTree = "<group>";
		};
		385369D92BB1B8FE006D348F /* Services */ = {
			isa = PBXGroup;
			children = (
				385369DA2BB1B9BB006D348F /* CoinDataService.swift */,
				6A9D44012BBE80DD00ADBDE9 /* MarketDataService.swift */,
				6AC97B752BC3E1D800D4F0CD /* PortfolioDataService.swift */,
				6A9883A72BC7B7CB0010D4E1 /* CoinDetailDataService.swift */,
			);
			path = Services;
			sourceTree = "<group>";
		};
		389BBE4E2BB93EBF004C8625 /* SearchBar */ = {
			isa = PBXGroup;
			children = (
				389BBE4F2BB93EDB004C8625 /* SearchBarView.swift */,
			);
			path = SearchBar;
			sourceTree = "<group>";
		};
		6A5484B52BB143B100DD9C33 = {
			isa = PBXGroup;
			children = (
				6A5484C02BB143B100DD9C33 /* Crypto */,
				6A5484BF2BB143B100DD9C33 /* Products */,
			);
			sourceTree = "<group>";
		};
		6A5484BF2BB143B100DD9C33 /* Products */ = {
			isa = PBXGroup;
			children = (
				6A5484BE2BB143B100DD9C33 /* Crypto.app */,
			);
			name = Products;
			sourceTree = "<group>";
		};
		6A5484C02BB143B100DD9C33 /* Crypto */ = {
			isa = PBXGroup;
			children = (
				38072DE92BB3190A00D29DDF /* Utilities */,
				385369D92BB1B8FE006D348F /* Services */,
				6A5484EB2BB17AC200DD9C33 /* Models */,
				6A5484D02BB1444A00DD9C33 /* Extensions */,
				6A5484CF2BB143E900DD9C33 /* Core */,
				6A5484C12BB143B100DD9C33 /* CryptoApp.swift */,
				6A5484C52BB143B200DD9C33 /* Assets.xcassets */,
				6A5484C72BB143B200DD9C33 /* Preview Content */,
			);
			path = Crypto;
			sourceTree = "<group>";
		};
		6A5484C72BB143B200DD9C33 /* Preview Content */ = {
			isa = PBXGroup;
			children = (
				6A5484C82BB143B200DD9C33 /* Preview Assets.xcassets */,
			);
			path = "Preview Content";
			sourceTree = "<group>";
		};
		6A5484CF2BB143E900DD9C33 /* Core */ = {
			isa = PBXGroup;
			children = (
				6A5B257B2BC68E56000E98EA /* CoinDetail */,
				6A5484E52BB1787A00DD9C33 /* Components */,
				6A5484DE2BB144C400DD9C33 /* Home */,
			);
			path = Core;
			sourceTree = "<group>";
		};
		6A5484D02BB1444A00DD9C33 /* Extensions */ = {
			isa = PBXGroup;
			children = (
				6A5484D62BB1444A00DD9C33 /* Color.swift */,
				6A5484F02BB17B5A00DD9C33 /* PreviewProvider.swift */,
				6A5484F22BB1831100DD9C33 /* Double.swift */,
				6AEA3B4C2BD0DBB100AF3313 /* Date.swift */,
			);
			path = Extensions;
			sourceTree = "<group>";
		};
		6A5484DE2BB144C400DD9C33 /* Home */ = {
			isa = PBXGroup;
			children = (
				6A5484E02BB144D800DD9C33 /* HomeViewModel */,
				6A5484DF2BB144D000DD9C33 /* HomeView */,
			);
			path = Home;
			sourceTree = "<group>";
		};
		6A5484DF2BB144D000DD9C33 /* HomeView */ = {
			isa = PBXGroup;
			children = (
				6A5484E32BB1450200DD9C33 /* HomeView.swift */,
				6A5484EE2BB17B2D00DD9C33 /* CoinRowView.swift */,
				38CDAF3B2BBC4E9800DFADA6 /* StatisticView.swift */,
				6A9D44032BBEC49A00ADBDE9 /* PortfolioView.swift */,
			);
			path = HomeView;
			sourceTree = "<group>";
		};
		6A5484E02BB144D800DD9C33 /* HomeViewModel */ = {
			isa = PBXGroup;
			children = (
				6A5484F42BB1895C00DD9C33 /* HomeViewModel.swift */,
			);
			path = HomeViewModel;
			sourceTree = "<group>";
		};
		6A5484E52BB1787A00DD9C33 /* Components */ = {
			isa = PBXGroup;
			children = (
				6A9D44052BBEC62400ADBDE9 /* DismissButton */,
				389BBE4E2BB93EBF004C8625 /* SearchBar */,
				38496D7C2BB5454D00546B75 /* CacheImage */,
				6A5484E62BB1788D00DD9C33 /* CircleButton */,
				6AE7588C2BBFB3D80008DB0C /* CoinLogoView.swift */,
				6AE7588E2BBFC7950008DB0C /* CoinInfoTile.swift */,
			);
			path = Components;
			sourceTree = "<group>";
		};
		6A5484E62BB1788D00DD9C33 /* CircleButton */ = {
			isa = PBXGroup;
			children = (
				6A5484E72BB1788D00DD9C33 /* CircleButtonView.swift */,
				6A5484E82BB1788D00DD9C33 /* CircleButtonAnimationView.swift */,
			);
			path = CircleButton;
			sourceTree = "<group>";
		};
		6A5484EB2BB17AC200DD9C33 /* Models */ = {
			isa = PBXGroup;
			children = (
				6A5484EC2BB17AD300DD9C33 /* CoinModel.swift */,
				38CDAF392BBC4D2E00DFADA6 /* StatisticModel.swift */,
				6A9D43FF2BBE7D1E00ADBDE9 /* CoinMarketDataModel.swift */,
				6AC97B722BC3E15100D4F0CD /* PortfolioContainer.xcdatamodeld */,
				6A9883A52BC7B75D0010D4E1 /* CoinDetailModel.swift */,
			);
			path = Models;
			sourceTree = "<group>";
		};
		6A5B257B2BC68E56000E98EA /* CoinDetail */ = {
			isa = PBXGroup;
			children = (
				6A5B257D2BC68E74000E98EA /* ViewModels */,
				6A5B257C2BC68E6C000E98EA /* View */,
			);
			path = CoinDetail;
			sourceTree = "<group>";
		};
		6A5B257C2BC68E6C000E98EA /* View */ = {
			isa = PBXGroup;
			children = (
				6A5B257E2BC68E86000E98EA /* CoinDetailView.swift */,
				6AEA3B4A2BD0DA2800AF3313 /* CoinChartView.swift */,
			);
			path = View;
			sourceTree = "<group>";
		};
		6A5B257D2BC68E74000E98EA /* ViewModels */ = {
			isa = PBXGroup;
			children = (
				6A9883A92BC7B9F00010D4E1 /* CoinDetailViewModel.swift */,
			);
			path = ViewModels;
			sourceTree = "<group>";
		};
		6A9D44052BBEC62400ADBDE9 /* DismissButton */ = {
			isa = PBXGroup;
			children = (
				6A9D44062BBEC63700ADBDE9 /* DismissButton.swift */,
			);
			path = DismissButton;
			sourceTree = "<group>";
		};
/* End PBXGroup section */

/* Begin PBXNativeTarget section */
		6A5484BD2BB143B100DD9C33 /* Crypto */ = {
			isa = PBXNativeTarget;
			buildConfigurationList = 6A5484CC2BB143B200DD9C33 /* Build configuration list for PBXNativeTarget "Crypto" */;
			buildPhases = (
				6A5484BA2BB143B100DD9C33 /* Sources */,
				6A5484BB2BB143B100DD9C33 /* Frameworks */,
				6A5484BC2BB143B100DD9C33 /* Resources */,
			);
			buildRules = (
			);
			dependencies = (
			);
			name = Crypto;
			productName = Crypto;
			productReference = 6A5484BE2BB143B100DD9C33 /* Crypto.app */;
			productType = "com.apple.product-type.application";
		};
/* End PBXNativeTarget section */

/* Begin PBXProject section */
		6A5484B62BB143B100DD9C33 /* Project object */ = {
			isa = PBXProject;
			attributes = {
				BuildIndependentTargetsInParallel = 1;
				LastSwiftUpdateCheck = 1500;
				LastUpgradeCheck = 1500;
				TargetAttributes = {
					6A5484BD2BB143B100DD9C33 = {
						CreatedOnToolsVersion = 15.0.1;
					};
				};
			};
			buildConfigurationList = 6A5484B92BB143B100DD9C33 /* Build configuration list for PBXProject "Crypto" */;
			compatibilityVersion = "Xcode 14.0";
			developmentRegion = en;
			hasScannedForEncodings = 0;
			knownRegions = (
				en,
				Base,
			);
			mainGroup = 6A5484B52BB143B100DD9C33;
			productRefGroup = 6A5484BF2BB143B100DD9C33 /* Products */;
			projectDirPath = "";
			projectRoot = "";
			targets = (
				6A5484BD2BB143B100DD9C33 /* Crypto */,
			);
		};
/* End PBXProject section */

/* Begin PBXResourcesBuildPhase section */
		6A5484BC2BB143B100DD9C33 /* Resources */ = {
			isa = PBXResourcesBuildPhase;
			buildActionMask = 2147483647;
			files = (
				6A5484C92BB143B200DD9C33 /* Preview Assets.xcassets in Resources */,
				6A5484C62BB143B200DD9C33 /* Assets.xcassets in Resources */,
			);
			runOnlyForDeploymentPostprocessing = 0;
		};
/* End PBXResourcesBuildPhase section */

/* Begin PBXSourcesBuildPhase section */
		6A5484BA2BB143B100DD9C33 /* Sources */ = {
			isa = PBXSourcesBuildPhase;
			buildActionMask = 2147483647;
			files = (
				6AE7588F2BBFC7950008DB0C /* CoinInfoTile.swift in Sources */,
				385369DB2BB1B9BB006D348F /* CoinDataService.swift in Sources */,
				6AE7588D2BBFB3D80008DB0C /* CoinLogoView.swift in Sources */,
				6A5484EF2BB17B2D00DD9C33 /* CoinRowView.swift in Sources */,
				6AEA3B4B2BD0DA2800AF3313 /* CoinChartView.swift in Sources */,
				38CDAF3A2BBC4D2E00DFADA6 /* StatisticModel.swift in Sources */,
				6A5484F52BB1895C00DD9C33 /* HomeViewModel.swift in Sources */,
				6A5484DC2BB1444A00DD9C33 /* Color.swift in Sources */,
				6A9D44022BBE80DD00ADBDE9 /* MarketDataService.swift in Sources */,
				6AC97B742BC3E15100D4F0CD /* PortfolioContainer.xcdatamodeld in Sources */,
				6A9883A62BC7B75D0010D4E1 /* CoinDetailModel.swift in Sources */,
				6AEA3B4D2BD0DBB100AF3313 /* Date.swift in Sources */,
				389BBE502BB93EDB004C8625 /* SearchBarView.swift in Sources */,
				6A9883A82BC7B7CB0010D4E1 /* CoinDetailDataService.swift in Sources */,
				6AC97B762BC3E1D800D4F0CD /* PortfolioDataService.swift in Sources */,
				6A5484C22BB143B100DD9C33 /* CryptoApp.swift in Sources */,
				38CDAF3C2BBC4E9800DFADA6 /* StatisticView.swift in Sources */,
				6A5484E92BB1788D00DD9C33 /* CircleButtonView.swift in Sources */,
				38496D822BB5570200546B75 /* LocalFileManager.swift in Sources */,
				6A9D44002BBE7D1E00ADBDE9 /* CoinMarketDataModel.swift in Sources */,
				6A9883AA2BC7B9F00010D4E1 /* CoinDetailViewModel.swift in Sources */,
				38496D802BB545A000546B75 /* CacheImageViewModel.swift in Sources */,
				6A5484E42BB1450200DD9C33 /* HomeView.swift in Sources */,
				6A5484EA2BB1788D00DD9C33 /* CircleButtonAnimationView.swift in Sources */,
				6A5484F12BB17B5A00DD9C33 /* PreviewProvider.swift in Sources */,
				6A9D44042BBEC49A00ADBDE9 /* PortfolioView.swift in Sources */,
				6A9D44072BBEC63700ADBDE9 /* DismissButton.swift in Sources */,
				6A5484F32BB1831100DD9C33 /* Double.swift in Sources */,
				6A5B257F2BC68E87000E98EA /* CoinDetailView.swift in Sources */,
				38496D7E2BB5457100546B75 /* CacheImageView.swift in Sources */,
				38072DEB2BB3191A00D29DDF /* NetwokingManager.swift in Sources */,
				6A5484ED2BB17AD300DD9C33 /* CoinModel.swift in Sources */,
			);
			runOnlyForDeploymentPostprocessing = 0;
		};
/* End PBXSourcesBuildPhase section */

/* Begin XCBuildConfiguration section */
		6A5484CA2BB143B200DD9C33 /* Debug */ = {
			isa = XCBuildConfiguration;
			buildSettings = {
				ALWAYS_SEARCH_USER_PATHS = NO;
				ASSETCATALOG_COMPILER_GENERATE_SWIFT_ASSET_SYMBOL_EXTENSIONS = YES;
				CLANG_ANALYZER_NONNULL = YES;
				CLANG_ANALYZER_NUMBER_OBJECT_CONVERSION = YES_AGGRESSIVE;
				CLANG_CXX_LANGUAGE_STANDARD = "gnu++20";
				CLANG_ENABLE_MODULES = YES;
				CLANG_ENABLE_OBJC_ARC = YES;
				CLANG_ENABLE_OBJC_WEAK = YES;
				CLANG_WARN_BLOCK_CAPTURE_AUTORELEASING = YES;
				CLANG_WARN_BOOL_CONVERSION = YES;
				CLANG_WARN_COMMA = YES;
				CLANG_WARN_CONSTANT_CONVERSION = YES;
				CLANG_WARN_DEPRECATED_OBJC_IMPLEMENTATIONS = YES;
				CLANG_WARN_DIRECT_OBJC_ISA_USAGE = YES_ERROR;
				CLANG_WARN_DOCUMENTATION_COMMENTS = YES;
				CLANG_WARN_EMPTY_BODY = YES;
				CLANG_WARN_ENUM_CONVERSION = YES;
				CLANG_WARN_INFINITE_RECURSION = YES;
				CLANG_WARN_INT_CONVERSION = YES;
				CLANG_WARN_NON_LITERAL_NULL_CONVERSION = YES;
				CLANG_WARN_OBJC_IMPLICIT_RETAIN_SELF = YES;
				CLANG_WARN_OBJC_LITERAL_CONVERSION = YES;
				CLANG_WARN_OBJC_ROOT_CLASS = YES_ERROR;
				CLANG_WARN_QUOTED_INCLUDE_IN_FRAMEWORK_HEADER = YES;
				CLANG_WARN_RANGE_LOOP_ANALYSIS = YES;
				CLANG_WARN_STRICT_PROTOTYPES = YES;
				CLANG_WARN_SUSPICIOUS_MOVE = YES;
				CLANG_WARN_UNGUARDED_AVAILABILITY = YES_AGGRESSIVE;
				CLANG_WARN_UNREACHABLE_CODE = YES;
				CLANG_WARN__DUPLICATE_METHOD_MATCH = YES;
				COPY_PHASE_STRIP = NO;
				DEBUG_INFORMATION_FORMAT = dwarf;
				ENABLE_STRICT_OBJC_MSGSEND = YES;
				ENABLE_TESTABILITY = YES;
				ENABLE_USER_SCRIPT_SANDBOXING = YES;
				GCC_C_LANGUAGE_STANDARD = gnu17;
				GCC_DYNAMIC_NO_PIC = NO;
				GCC_NO_COMMON_BLOCKS = YES;
				GCC_OPTIMIZATION_LEVEL = 0;
				GCC_PREPROCESSOR_DEFINITIONS = (
					"DEBUG=1",
					"$(inherited)",
				);
				GCC_WARN_64_TO_32_BIT_CONVERSION = YES;
				GCC_WARN_ABOUT_RETURN_TYPE = YES_ERROR;
				GCC_WARN_UNDECLARED_SELECTOR = YES;
				GCC_WARN_UNINITIALIZED_AUTOS = YES_AGGRESSIVE;
				GCC_WARN_UNUSED_FUNCTION = YES;
				GCC_WARN_UNUSED_VARIABLE = YES;
				IPHONEOS_DEPLOYMENT_TARGET = 17.0;
				LOCALIZATION_PREFERS_STRING_CATALOGS = YES;
				MTL_ENABLE_DEBUG_INFO = INCLUDE_SOURCE;
				MTL_FAST_MATH = YES;
				ONLY_ACTIVE_ARCH = YES;
				SDKROOT = iphoneos;
				SWIFT_ACTIVE_COMPILATION_CONDITIONS = "DEBUG $(inherited)";
				SWIFT_OPTIMIZATION_LEVEL = "-Onone";
			};
			name = Debug;
		};
		6A5484CB2BB143B200DD9C33 /* Release */ = {
			isa = XCBuildConfiguration;
			buildSettings = {
				ALWAYS_SEARCH_USER_PATHS = NO;
				ASSETCATALOG_COMPILER_GENERATE_SWIFT_ASSET_SYMBOL_EXTENSIONS = YES;
				CLANG_ANALYZER_NONNULL = YES;
				CLANG_ANALYZER_NUMBER_OBJECT_CONVERSION = YES_AGGRESSIVE;
				CLANG_CXX_LANGUAGE_STANDARD = "gnu++20";
				CLANG_ENABLE_MODULES = YES;
				CLANG_ENABLE_OBJC_ARC = YES;
				CLANG_ENABLE_OBJC_WEAK = YES;
				CLANG_WARN_BLOCK_CAPTURE_AUTORELEASING = YES;
				CLANG_WARN_BOOL_CONVERSION = YES;
				CLANG_WARN_COMMA = YES;
				CLANG_WARN_CONSTANT_CONVERSION = YES;
				CLANG_WARN_DEPRECATED_OBJC_IMPLEMENTATIONS = YES;
				CLANG_WARN_DIRECT_OBJC_ISA_USAGE = YES_ERROR;
				CLANG_WARN_DOCUMENTATION_COMMENTS = YES;
				CLANG_WARN_EMPTY_BODY = YES;
				CLANG_WARN_ENUM_CONVERSION = YES;
				CLANG_WARN_INFINITE_RECURSION = YES;
				CLANG_WARN_INT_CONVERSION = YES;
				CLANG_WARN_NON_LITERAL_NULL_CONVERSION = YES;
				CLANG_WARN_OBJC_IMPLICIT_RETAIN_SELF = YES;
				CLANG_WARN_OBJC_LITERAL_CONVERSION = YES;
				CLANG_WARN_OBJC_ROOT_CLASS = YES_ERROR;
				CLANG_WARN_QUOTED_INCLUDE_IN_FRAMEWORK_HEADER = YES;
				CLANG_WARN_RANGE_LOOP_ANALYSIS = YES;
				CLANG_WARN_STRICT_PROTOTYPES = YES;
				CLANG_WARN_SUSPICIOUS_MOVE = YES;
				CLANG_WARN_UNGUARDED_AVAILABILITY = YES_AGGRESSIVE;
				CLANG_WARN_UNREACHABLE_CODE = YES;
				CLANG_WARN__DUPLICATE_METHOD_MATCH = YES;
				COPY_PHASE_STRIP = NO;
				DEBUG_INFORMATION_FORMAT = "dwarf-with-dsym";
				ENABLE_NS_ASSERTIONS = NO;
				ENABLE_STRICT_OBJC_MSGSEND = YES;
				ENABLE_USER_SCRIPT_SANDBOXING = YES;
				GCC_C_LANGUAGE_STANDARD = gnu17;
				GCC_NO_COMMON_BLOCKS = YES;
				GCC_WARN_64_TO_32_BIT_CONVERSION = YES;
				GCC_WARN_ABOUT_RETURN_TYPE = YES_ERROR;
				GCC_WARN_UNDECLARED_SELECTOR = YES;
				GCC_WARN_UNINITIALIZED_AUTOS = YES_AGGRESSIVE;
				GCC_WARN_UNUSED_FUNCTION = YES;
				GCC_WARN_UNUSED_VARIABLE = YES;
				IPHONEOS_DEPLOYMENT_TARGET = 17.0;
				LOCALIZATION_PREFERS_STRING_CATALOGS = YES;
				MTL_ENABLE_DEBUG_INFO = NO;
				MTL_FAST_MATH = YES;
				SDKROOT = iphoneos;
				SWIFT_COMPILATION_MODE = wholemodule;
				VALIDATE_PRODUCT = YES;
			};
			name = Release;
		};
		6A5484CD2BB143B200DD9C33 /* Debug */ = {
			isa = XCBuildConfiguration;
			buildSettings = {
				ASSETCATALOG_COMPILER_APPICON_NAME = AppIcon;
				ASSETCATALOG_COMPILER_GLOBAL_ACCENT_COLOR_NAME = AccentColor;
				CODE_SIGN_STYLE = Manual;
				CURRENT_PROJECT_VERSION = 1;
				DEVELOPMENT_ASSET_PATHS = "\"Crypto/Preview Content\"";
				DEVELOPMENT_TEAM = "";
				ENABLE_PREVIEWS = YES;
				GENERATE_INFOPLIST_FILE = YES;
				INFOPLIST_KEY_UIApplicationSceneManifest_Generation = YES;
				INFOPLIST_KEY_UIApplicationSupportsIndirectInputEvents = YES;
				INFOPLIST_KEY_UILaunchScreen_Generation = YES;
				INFOPLIST_KEY_UISupportedInterfaceOrientations_iPad = "UIInterfaceOrientationPortrait UIInterfaceOrientationPortraitUpsideDown UIInterfaceOrientationLandscapeLeft UIInterfaceOrientationLandscapeRight";
				INFOPLIST_KEY_UISupportedInterfaceOrientations_iPhone = "UIInterfaceOrientationPortrait UIInterfaceOrientationLandscapeLeft UIInterfaceOrientationLandscapeRight";
				LD_RUNPATH_SEARCH_PATHS = (
					"$(inherited)",
					"@executable_path/Frameworks",
				);
				MARKETING_VERSION = 1.0;
				PRODUCT_BUNDLE_IDENTIFIER = com.abhishek.Crypto;
				PRODUCT_NAME = "$(TARGET_NAME)";
				PROVISIONING_PROFILE_SPECIFIER = "";
				SWIFT_EMIT_LOC_STRINGS = YES;
				SWIFT_VERSION = 5.0;
				TARGETED_DEVICE_FAMILY = "1,2";
			};
			name = Debug;
		};
		6A5484CE2BB143B200DD9C33 /* Release */ = {
			isa = XCBuildConfiguration;
			buildSettings = {
				ASSETCATALOG_COMPILER_APPICON_NAME = AppIcon;
				ASSETCATALOG_COMPILER_GLOBAL_ACCENT_COLOR_NAME = AccentColor;
				CODE_SIGN_STYLE = Manual;
				CURRENT_PROJECT_VERSION = 1;
				DEVELOPMENT_ASSET_PATHS = "\"Crypto/Preview Content\"";
				DEVELOPMENT_TEAM = "";
				ENABLE_PREVIEWS = YES;
				GENERATE_INFOPLIST_FILE = YES;
				INFOPLIST_KEY_UIApplicationSceneManifest_Generation = YES;
				INFOPLIST_KEY_UIApplicationSupportsIndirectInputEvents = YES;
				INFOPLIST_KEY_UILaunchScreen_Generation = YES;
				INFOPLIST_KEY_UISupportedInterfaceOrientations_iPad = "UIInterfaceOrientationPortrait UIInterfaceOrientationPortraitUpsideDown UIInterfaceOrientationLandscapeLeft UIInterfaceOrientationLandscapeRight";
				INFOPLIST_KEY_UISupportedInterfaceOrientations_iPhone = "UIInterfaceOrientationPortrait UIInterfaceOrientationLandscapeLeft UIInterfaceOrientationLandscapeRight";
				LD_RUNPATH_SEARCH_PATHS = (
					"$(inherited)",
					"@executable_path/Frameworks",
				);
				MARKETING_VERSION = 1.0;
				PRODUCT_BUNDLE_IDENTIFIER = com.abhishek.Crypto;
				PRODUCT_NAME = "$(TARGET_NAME)";
				PROVISIONING_PROFILE_SPECIFIER = "";
				SWIFT_EMIT_LOC_STRINGS = YES;
				SWIFT_VERSION = 5.0;
				TARGETED_DEVICE_FAMILY = "1,2";
			};
			name = Release;
		};
/* End XCBuildConfiguration section */

/* Begin XCConfigurationList section */
		6A5484B92BB143B100DD9C33 /* Build configuration list for PBXProject "Crypto" */ = {
			isa = XCConfigurationList;
			buildConfigurations = (
				6A5484CA2BB143B200DD9C33 /* Debug */,
				6A5484CB2BB143B200DD9C33 /* Release */,
			);
			defaultConfigurationIsVisible = 0;
			defaultConfigurationName = Release;
		};
		6A5484CC2BB143B200DD9C33 /* Build configuration list for PBXNativeTarget "Crypto" */ = {
			isa = XCConfigurationList;
			buildConfigurations = (
				6A5484CD2BB143B200DD9C33 /* Debug */,
				6A5484CE2BB143B200DD9C33 /* Release */,
			);
			defaultConfigurationIsVisible = 0;
			defaultConfigurationName = Release;
		};
/* End XCConfigurationList section */

/* Begin XCVersionGroup section */
		6AC97B722BC3E15100D4F0CD /* PortfolioContainer.xcdatamodeld */ = {
			isa = XCVersionGroup;
			children = (
				6AC97B732BC3E15100D4F0CD /* PortfolioContainer.xcdatamodel */,
			);
			currentVersion = 6AC97B732BC3E15100D4F0CD /* PortfolioContainer.xcdatamodel */;
			path = PortfolioContainer.xcdatamodeld;
			sourceTree = "<group>";
			versionGroupType = wrapper.xcdatamodel;
		};
/* End XCVersionGroup section */
	};
	rootObject = 6A5484B62BB143B100DD9C33 /* Project object */;
}
